// !$*UTF8*$!
{
	archiveVersion = 1;
	classes = {
	};
	objectVersion = 55;
	objects = {

/* Begin PBXBuildFile section */
		0E8623A4F105696306C97DD5 /* Pods_PullToRefresh_Framework.framework in Frameworks */ = {isa = PBXBuildFile; fileRef = 9871C36287E8730164282500 /* Pods_PullToRefresh_Framework.framework */; };
		172F078228A4F37B00AFD6A2 /* PullToRefresh_Framework.h in Headers */ = {isa = PBXBuildFile; fileRef = 172F078128A4F37B00AFD6A2 /* PullToRefresh_Framework.h */; settings = {ATTRIBUTES = (Public, ); }; };
		172F078D28A4F44200AFD6A2 /* PullToRefreshView.swift in Sources */ = {isa = PBXBuildFile; fileRef = 172F078C28A4F44200AFD6A2 /* PullToRefreshView.swift */; };
		17AC9E8C28AA4CC800DF8A2B /* Shakuro.PullToRefresh.podspec in Resources */ = {isa = PBXBuildFile; fileRef = 17AC9E8B28AA4CC800DF8A2B /* Shakuro.PullToRefresh.podspec */; };
/* End PBXBuildFile section */

/* Begin PBXFileReference section */
		172F077E28A4F37B00AFD6A2 /* PullToRefresh_Framework.framework */ = {isa = PBXFileReference; explicitFileType = wrapper.framework; includeInIndex = 0; path = PullToRefresh_Framework.framework; sourceTree = BUILT_PRODUCTS_DIR; };
		172F078128A4F37B00AFD6A2 /* PullToRefresh_Framework.h */ = {isa = PBXFileReference; lastKnownFileType = sourcecode.c.h; path = PullToRefresh_Framework.h; sourceTree = "<group>"; };
		172F078828A4F39B00AFD6A2 /* Info.plist */ = {isa = PBXFileReference; lastKnownFileType = text.plist.xml; path = Info.plist; sourceTree = "<group>"; };
		172F078928A4F3E200AFD6A2 /* LICENSE.md */ = {isa = PBXFileReference; lastKnownFileType = net.daringfireball.markdown; path = LICENSE.md; sourceTree = "<group>"; };
		172F078A28A4F3E200AFD6A2 /* README.md */ = {isa = PBXFileReference; lastKnownFileType = net.daringfireball.markdown; path = README.md; sourceTree = "<group>"; };
		172F078C28A4F44200AFD6A2 /* PullToRefreshView.swift */ = {isa = PBXFileReference; fileEncoding = 4; lastKnownFileType = sourcecode.swift; path = PullToRefreshView.swift; sourceTree = "<group>"; };
		17AC9E8B28AA4CC800DF8A2B /* Shakuro.PullToRefresh.podspec */ = {isa = PBXFileReference; explicitFileType = text.script.ruby; fileEncoding = 4; path = Shakuro.PullToRefresh.podspec; sourceTree = "<group>"; };
		5F01F0B576F0F88B5205CDE2 /* Pods-PullToRefresh_Framework.release.xcconfig */ = {isa = PBXFileReference; includeInIndex = 1; lastKnownFileType = text.xcconfig; name = "Pods-PullToRefresh_Framework.release.xcconfig"; path = "Target Support Files/Pods-PullToRefresh_Framework/Pods-PullToRefresh_Framework.release.xcconfig"; sourceTree = "<group>"; };
		9871C36287E8730164282500 /* Pods_PullToRefresh_Framework.framework */ = {isa = PBXFileReference; explicitFileType = wrapper.framework; includeInIndex = 0; path = Pods_PullToRefresh_Framework.framework; sourceTree = BUILT_PRODUCTS_DIR; };
		BADD124393ADAFB8DF9F6408 /* Pods-PullToRefresh_Framework.debug.xcconfig */ = {isa = PBXFileReference; includeInIndex = 1; lastKnownFileType = text.xcconfig; name = "Pods-PullToRefresh_Framework.debug.xcconfig"; path = "Target Support Files/Pods-PullToRefresh_Framework/Pods-PullToRefresh_Framework.debug.xcconfig"; sourceTree = "<group>"; };
/* End PBXFileReference section */

/* Begin PBXFrameworksBuildPhase section */
		172F077B28A4F37B00AFD6A2 /* Frameworks */ = {
			isa = PBXFrameworksBuildPhase;
			buildActionMask = 2147483647;
			files = (
				0E8623A4F105696306C97DD5 /* Pods_PullToRefresh_Framework.framework in Frameworks */,
			);
			runOnlyForDeploymentPostprocessing = 0;
		};
/* End PBXFrameworksBuildPhase section */

/* Begin PBXGroup section */
		172F077428A4F37B00AFD6A2 = {
			isa = PBXGroup;
			children = (
				172F078928A4F3E200AFD6A2 /* LICENSE.md */,
				172F078A28A4F3E200AFD6A2 /* README.md */,
				17AC9E8B28AA4CC800DF8A2B /* Shakuro.PullToRefresh.podspec */,
				172F078028A4F37B00AFD6A2 /* PullToRefresh_Framework */,
				172F078B28A4F44200AFD6A2 /* Source */,
				172F077F28A4F37B00AFD6A2 /* Products */,
				55C2A22AE1C03BE105139562 /* Pods */,
				A40954119F91F6E0A089B613 /* Frameworks */,
			);
			sourceTree = "<group>";
		};
		172F077F28A4F37B00AFD6A2 /* Products */ = {
			isa = PBXGroup;
			children = (
				172F077E28A4F37B00AFD6A2 /* PullToRefresh_Framework.framework */,
			);
			name = Products;
			sourceTree = "<group>";
		};
		172F078028A4F37B00AFD6A2 /* PullToRefresh_Framework */ = {
			isa = PBXGroup;
			children = (
				172F078128A4F37B00AFD6A2 /* PullToRefresh_Framework.h */,
				172F078828A4F39B00AFD6A2 /* Info.plist */,
			);
			path = PullToRefresh_Framework;
			sourceTree = "<group>";
		};
		172F078B28A4F44200AFD6A2 /* Source */ = {
			isa = PBXGroup;
			children = (
				172F078C28A4F44200AFD6A2 /* PullToRefreshView.swift */,
			);
			path = Source;
			sourceTree = "<group>";
		};
		55C2A22AE1C03BE105139562 /* Pods */ = {
			isa = PBXGroup;
			children = (
				BADD124393ADAFB8DF9F6408 /* Pods-PullToRefresh_Framework.debug.xcconfig */,
				5F01F0B576F0F88B5205CDE2 /* Pods-PullToRefresh_Framework.release.xcconfig */,
			);
			path = Pods;
			sourceTree = "<group>";
		};
		A40954119F91F6E0A089B613 /* Frameworks */ = {
			isa = PBXGroup;
			children = (
				9871C36287E8730164282500 /* Pods_PullToRefresh_Framework.framework */,
			);
			name = Frameworks;
			sourceTree = "<group>";
		};
/* End PBXGroup section */

/* Begin PBXHeadersBuildPhase section */
		172F077928A4F37B00AFD6A2 /* Headers */ = {
			isa = PBXHeadersBuildPhase;
			buildActionMask = 2147483647;
			files = (
				172F078228A4F37B00AFD6A2 /* PullToRefresh_Framework.h in Headers */,
			);
			runOnlyForDeploymentPostprocessing = 0;
		};
/* End PBXHeadersBuildPhase section */

/* Begin PBXNativeTarget section */
		172F077D28A4F37B00AFD6A2 /* PullToRefresh_Framework */ = {
			isa = PBXNativeTarget;
			buildConfigurationList = 172F078528A4F37B00AFD6A2 /* Build configuration list for PBXNativeTarget "PullToRefresh_Framework" */;
			buildPhases = (
				A4F2F7B0800584088E0FB8E7 /* [CP] Check Pods Manifest.lock */,
				172F077928A4F37B00AFD6A2 /* Headers */,
				172F077A28A4F37B00AFD6A2 /* Sources */,
				172F077B28A4F37B00AFD6A2 /* Frameworks */,
				172F077C28A4F37B00AFD6A2 /* Resources */,
			);
			buildRules = (
			);
			dependencies = (
			);
			name = PullToRefresh_Framework;
			productName = PullToRefresh_Framework;
			productReference = 172F077E28A4F37B00AFD6A2 /* PullToRefresh_Framework.framework */;
			productType = "com.apple.product-type.framework";
		};
/* End PBXNativeTarget section */

/* Begin PBXProject section */
		172F077528A4F37B00AFD6A2 /* Project object */ = {
			isa = PBXProject;
			attributes = {
				BuildIndependentTargetsInParallel = 1;
				LastUpgradeCheck = 1330;
				TargetAttributes = {
					172F077D28A4F37B00AFD6A2 = {
						CreatedOnToolsVersion = 13.3.1;
					};
				};
			};
			buildConfigurationList = 172F077828A4F37B00AFD6A2 /* Build configuration list for PBXProject "PullToRefresh_Framework" */;
			compatibilityVersion = "Xcode 13.0";
			developmentRegion = en;
			hasScannedForEncodings = 0;
			knownRegions = (
				en,
				Base,
			);
			mainGroup = 172F077428A4F37B00AFD6A2;
			productRefGroup = 172F077F28A4F37B00AFD6A2 /* Products */;
			projectDirPath = "";
			projectRoot = "";
			targets = (
				172F077D28A4F37B00AFD6A2 /* PullToRefresh_Framework */,
			);
		};
/* End PBXProject section */

/* Begin PBXResourcesBuildPhase section */
		172F077C28A4F37B00AFD6A2 /* Resources */ = {
			isa = PBXResourcesBuildPhase;
			buildActionMask = 2147483647;
			files = (
				17AC9E8C28AA4CC800DF8A2B /* Shakuro.PullToRefresh.podspec in Resources */,
			);
			runOnlyForDeploymentPostprocessing = 0;
		};
/* End PBXResourcesBuildPhase section */

/* Begin PBXShellScriptBuildPhase section */
		A4F2F7B0800584088E0FB8E7 /* [CP] Check Pods Manifest.lock */ = {
			isa = PBXShellScriptBuildPhase;
			buildActionMask = 2147483647;
			files = (
			);
			inputFileListPaths = (
			);
			inputPaths = (
				"${PODS_PODFILE_DIR_PATH}/Podfile.lock",
				"${PODS_ROOT}/Manifest.lock",
			);
			name = "[CP] Check Pods Manifest.lock";
			outputFileListPaths = (
			);
			outputPaths = (
				"$(DERIVED_FILE_DIR)/Pods-PullToRefresh_Framework-checkManifestLockResult.txt",
			);
			runOnlyForDeploymentPostprocessing = 0;
			shellPath = /bin/sh;
			shellScript = "diff \"${PODS_PODFILE_DIR_PATH}/Podfile.lock\" \"${PODS_ROOT}/Manifest.lock\" > /dev/null\nif [ $? != 0 ] ; then\n    # print error to STDERR\n    echo \"error: The sandbox is not in sync with the Podfile.lock. Run 'pod install' or update your CocoaPods installation.\" >&2\n    exit 1\nfi\n# This output is used by Xcode 'outputs' to avoid re-running this script phase.\necho \"SUCCESS\" > \"${SCRIPT_OUTPUT_FILE_0}\"\n";
			showEnvVarsInLog = 0;
		};
/* End PBXShellScriptBuildPhase section */

/* Begin PBXSourcesBuildPhase section */
		172F077A28A4F37B00AFD6A2 /* Sources */ = {
			isa = PBXSourcesBuildPhase;
			buildActionMask = 2147483647;
			files = (
				172F078D28A4F44200AFD6A2 /* PullToRefreshView.swift in Sources */,
			);
			runOnlyForDeploymentPostprocessing = 0;
		};
/* End PBXSourcesBuildPhase section */

/* Begin XCBuildConfiguration section */
		172F078328A4F37B00AFD6A2 /* Debug */ = {
			isa = XCBuildConfiguration;
			buildSettings = {
				ALWAYS_SEARCH_USER_PATHS = NO;
				CLANG_ANALYZER_NONNULL = YES;
				CLANG_ANALYZER_NUMBER_OBJECT_CONVERSION = YES_AGGRESSIVE;
				CLANG_CXX_LANGUAGE_STANDARD = "gnu++17";
				CLANG_ENABLE_MODULES = YES;
				CLANG_ENABLE_OBJC_ARC = YES;
				CLANG_ENABLE_OBJC_WEAK = YES;
				CLANG_WARN_BLOCK_CAPTURE_AUTORELEASING = YES;
				CLANG_WARN_BOOL_CONVERSION = YES;
				CLANG_WARN_COMMA = YES;
				CLANG_WARN_CONSTANT_CONVERSION = YES;
				CLANG_WARN_DEPRECATED_OBJC_IMPLEMENTATIONS = YES;
				CLANG_WARN_DIRECT_OBJC_ISA_USAGE = YES_ERROR;
				CLANG_WARN_DOCUMENTATION_COMMENTS = YES;
				CLANG_WARN_EMPTY_BODY = YES;
				CLANG_WARN_ENUM_CONVERSION = YES;
				CLANG_WARN_INFINITE_RECURSION = YES;
				CLANG_WARN_INT_CONVERSION = YES;
				CLANG_WARN_NON_LITERAL_NULL_CONVERSION = YES;
				CLANG_WARN_OBJC_IMPLICIT_RETAIN_SELF = YES;
				CLANG_WARN_OBJC_LITERAL_CONVERSION = YES;
				CLANG_WARN_OBJC_ROOT_CLASS = YES_ERROR;
				CLANG_WARN_QUOTED_INCLUDE_IN_FRAMEWORK_HEADER = YES;
				CLANG_WARN_RANGE_LOOP_ANALYSIS = YES;
				CLANG_WARN_STRICT_PROTOTYPES = YES;
				CLANG_WARN_SUSPICIOUS_MOVE = YES;
				CLANG_WARN_UNGUARDED_AVAILABILITY = YES_AGGRESSIVE;
				CLANG_WARN_UNREACHABLE_CODE = YES;
				CLANG_WARN__DUPLICATE_METHOD_MATCH = YES;
				COPY_PHASE_STRIP = NO;
				CURRENT_PROJECT_VERSION = 1;
				DEBUG_INFORMATION_FORMAT = dwarf;
				ENABLE_STRICT_OBJC_MSGSEND = YES;
				ENABLE_TESTABILITY = YES;
				GCC_C_LANGUAGE_STANDARD = gnu11;
				GCC_DYNAMIC_NO_PIC = NO;
				GCC_NO_COMMON_BLOCKS = YES;
				GCC_OPTIMIZATION_LEVEL = 0;
				GCC_PREPROCESSOR_DEFINITIONS = (
					"DEBUG=1",
					"$(inherited)",
				);
				GCC_WARN_64_TO_32_BIT_CONVERSION = YES;
				GCC_WARN_ABOUT_RETURN_TYPE = YES_ERROR;
				GCC_WARN_UNDECLARED_SELECTOR = YES;
				GCC_WARN_UNINITIALIZED_AUTOS = YES_AGGRESSIVE;
				GCC_WARN_UNUSED_FUNCTION = YES;
				GCC_WARN_UNUSED_VARIABLE = YES;
				IPHONEOS_DEPLOYMENT_TARGET = 11.0;
				MTL_ENABLE_DEBUG_INFO = INCLUDE_SOURCE;
				MTL_FAST_MATH = YES;
				ONLY_ACTIVE_ARCH = YES;
				SDKROOT = iphoneos;
				SWIFT_ACTIVE_COMPILATION_CONDITIONS = DEBUG;
				SWIFT_OPTIMIZATION_LEVEL = "-Onone";
				VERSIONING_SYSTEM = "apple-generic";
				VERSION_INFO_PREFIX = "";
			};
			name = Debug;
		};
		172F078428A4F37B00AFD6A2 /* Release */ = {
			isa = XCBuildConfiguration;
			buildSettings = {
				ALWAYS_SEARCH_USER_PATHS = NO;
				CLANG_ANALYZER_NONNULL = YES;
				CLANG_ANALYZER_NUMBER_OBJECT_CONVERSION = YES_AGGRESSIVE;
				CLANG_CXX_LANGUAGE_STANDARD = "gnu++17";
				CLANG_ENABLE_MODULES = YES;
				CLANG_ENABLE_OBJC_ARC = YES;
				CLANG_ENABLE_OBJC_WEAK = YES;
				CLANG_WARN_BLOCK_CAPTURE_AUTORELEASING = YES;
				CLANG_WARN_BOOL_CONVERSION = YES;
				CLANG_WARN_COMMA = YES;
				CLANG_WARN_CONSTANT_CONVERSION = YES;
				CLANG_WARN_DEPRECATED_OBJC_IMPLEMENTATIONS = YES;
				CLANG_WARN_DIRECT_OBJC_ISA_USAGE = YES_ERROR;
				CLANG_WARN_DOCUMENTATION_COMMENTS = YES;
				CLANG_WARN_EMPTY_BODY = YES;
				CLANG_WARN_ENUM_CONVERSION = YES;
				CLANG_WARN_INFINITE_RECURSION = YES;
				CLANG_WARN_INT_CONVERSION = YES;
				CLANG_WARN_NON_LITERAL_NULL_CONVERSION = YES;
				CLANG_WARN_OBJC_IMPLICIT_RETAIN_SELF = YES;
				CLANG_WARN_OBJC_LITERAL_CONVERSION = YES;
				CLANG_WARN_OBJC_ROOT_CLASS = YES_ERROR;
				CLANG_WARN_QUOTED_INCLUDE_IN_FRAMEWORK_HEADER = YES;
				CLANG_WARN_RANGE_LOOP_ANALYSIS = YES;
				CLANG_WARN_STRICT_PROTOTYPES = YES;
				CLANG_WARN_SUSPICIOUS_MOVE = YES;
				CLANG_WARN_UNGUARDED_AVAILABILITY = YES_AGGRESSIVE;
				CLANG_WARN_UNREACHABLE_CODE = YES;
				CLANG_WARN__DUPLICATE_METHOD_MATCH = YES;
				COPY_PHASE_STRIP = NO;
				CURRENT_PROJECT_VERSION = 1;
				DEBUG_INFORMATION_FORMAT = "dwarf-with-dsym";
				ENABLE_NS_ASSERTIONS = NO;
				ENABLE_STRICT_OBJC_MSGSEND = YES;
				GCC_C_LANGUAGE_STANDARD = gnu11;
				GCC_NO_COMMON_BLOCKS = YES;
				GCC_WARN_64_TO_32_BIT_CONVERSION = YES;
				GCC_WARN_ABOUT_RETURN_TYPE = YES_ERROR;
				GCC_WARN_UNDECLARED_SELECTOR = YES;
				GCC_WARN_UNINITIALIZED_AUTOS = YES_AGGRESSIVE;
				GCC_WARN_UNUSED_FUNCTION = YES;
				GCC_WARN_UNUSED_VARIABLE = YES;
				IPHONEOS_DEPLOYMENT_TARGET = 11.0;
				MTL_ENABLE_DEBUG_INFO = NO;
				MTL_FAST_MATH = YES;
				SDKROOT = iphoneos;
				SWIFT_COMPILATION_MODE = wholemodule;
				SWIFT_OPTIMIZATION_LEVEL = "-O";
				VALIDATE_PRODUCT = YES;
				VERSIONING_SYSTEM = "apple-generic";
				VERSION_INFO_PREFIX = "";
			};
			name = Release;
		};
		172F078628A4F37B00AFD6A2 /* Debug */ = {
			isa = XCBuildConfiguration;
			baseConfigurationReference = BADD124393ADAFB8DF9F6408 /* Pods-PullToRefresh_Framework.debug.xcconfig */;
			buildSettings = {
				CODE_SIGN_STYLE = Automatic;
				CURRENT_PROJECT_VERSION = 1;
				DEFINES_MODULE = YES;
				DEVELOPMENT_TEAM = MW2UF479VW;
				DYLIB_COMPATIBILITY_VERSION = 1;
				DYLIB_CURRENT_VERSION = 1;
				DYLIB_INSTALL_NAME_BASE = "@rpath";
				GENERATE_INFOPLIST_FILE = NO;
				INFOPLIST_FILE = PullToRefresh_Framework/Info.plist;
				INFOPLIST_KEY_NSHumanReadableCopyright = "";
				INSTALL_PATH = "$(LOCAL_LIBRARY_DIR)/Frameworks";
				LD_RUNPATH_SEARCH_PATHS = (
					"$(inherited)",
					"@executable_path/Frameworks",
					"@loader_path/Frameworks",
				);
				MARKETING_VERSION = 1.0;
				PRODUCT_BUNDLE_IDENTIFIER = "com.shakuro.PullToRefresh-Framework";
				PRODUCT_NAME = "$(TARGET_NAME:c99extidentifier)";
				SKIP_INSTALL = YES;
				SWIFT_EMIT_LOC_STRINGS = YES;
				SWIFT_VERSION = 5.0;
				TARGETED_DEVICE_FAMILY = "1,2";
			};
			name = Debug;
		};
		172F078728A4F37B00AFD6A2 /* Release */ = {
			isa = XCBuildConfiguration;
			baseConfigurationReference = 5F01F0B576F0F88B5205CDE2 /* Pods-PullToRefresh_Framework.release.xcconfig */;
			buildSettings = {
				CODE_SIGN_STYLE = Automatic;
				CURRENT_PROJECT_VERSION = 1;
				DEFINES_MODULE = YES;
				DEVELOPMENT_TEAM = MW2UF479VW;
				DYLIB_COMPATIBILITY_VERSION = 1;
				DYLIB_CURRENT_VERSION = 1;
				DYLIB_INSTALL_NAME_BASE = "@rpath";
				GENERATE_INFOPLIST_FILE = NO;
				INFOPLIST_FILE = PullToRefresh_Framework/Info.plist;
				INFOPLIST_KEY_NSHumanReadableCopyright = "";
				INSTALL_PATH = "$(LOCAL_LIBRARY_DIR)/Frameworks";
				LD_RUNPATH_SEARCH_PATHS = (
					"$(inherited)",
					"@executable_path/Frameworks",
					"@loader_path/Frameworks",
				);
				MARKETING_VERSION = 1.0;
				PRODUCT_BUNDLE_IDENTIFIER = "com.shakuro.PullToRefresh-Framework";
				PRODUCT_NAME = "$(TARGET_NAME:c99extidentifier)";
				SKIP_INSTALL = YES;
				SWIFT_EMIT_LOC_STRINGS = YES;
				SWIFT_VERSION = 5.0;
				TARGETED_DEVICE_FAMILY = "1,2";
			};
			name = Release;
		};
/* End XCBuildConfiguration section */

/* Begin XCConfigurationList section */
		172F077828A4F37B00AFD6A2 /* Build configuration list for PBXProject "PullToRefresh_Framework" */ = {
			isa = XCConfigurationList;
			buildConfigurations = (
				172F078328A4F37B00AFD6A2 /* Debug */,
				172F078428A4F37B00AFD6A2 /* Release */,
			);
			defaultConfigurationIsVisible = 0;
			defaultConfigurationName = Release;
		};
		172F078528A4F37B00AFD6A2 /* Build configuration list for PBXNativeTarget "PullToRefresh_Framework" */ = {
			isa = XCConfigurationList;
			buildConfigurations = (
				172F078628A4F37B00AFD6A2 /* Debug */,
				172F078728A4F37B00AFD6A2 /* Release */,
			);
			defaultConfigurationIsVisible = 0;
			defaultConfigurationName = Release;
		};
/* End XCConfigurationList section */
	};
	rootObject = 172F077528A4F37B00AFD6A2 /* Project object */;
}
