// !$*UTF8*$!
{
	archiveVersion = 1;
	classes = {
	};
	objectVersion = 55;
	objects = {

/* Begin PBXBuildFile section */
		007E24CCCB39DA909457096D /* Pods_PullToRefresh_Example.framework in Frameworks */ = {isa = PBXBuildFile; fileRef = BF6F35E22092574746BF8AD8 /* Pods_PullToRefresh_Example.framework */; };
		17AC9E9A28AA4D5400DF8A2B /* AppDelegate.swift in Sources */ = {isa = PBXBuildFile; fileRef = 17AC9E9928AA4D5400DF8A2B /* AppDelegate.swift */; };
		17AC9EA128AA4D5400DF8A2B /* Main.storyboard in Resources */ = {isa = PBXBuildFile; fileRef = 17AC9E9F28AA4D5400DF8A2B /* Main.storyboard */; };
		17AC9EA328AA4D5600DF8A2B /* Assets.xcassets in Resources */ = {isa = PBXBuildFile; fileRef = 17AC9EA228AA4D5600DF8A2B /* Assets.xcassets */; };
		17AC9EA628AA4D5600DF8A2B /* LaunchScreen.storyboard in Resources */ = {isa = PBXBuildFile; fileRef = 17AC9EA428AA4D5600DF8A2B /* LaunchScreen.storyboard */; };
		17AC9EAE28AA4F0000DF8A2B /* PullToRefresh_Framework.framework in Frameworks */ = {isa = PBXBuildFile; fileRef = 17AC9EAD28AA4F0000DF8A2B /* PullToRefresh_Framework.framework */; };
		17AC9EAF28AA4F0000DF8A2B /* PullToRefresh_Framework.framework in Embed Frameworks */ = {isa = PBXBuildFile; fileRef = 17AC9EAD28AA4F0000DF8A2B /* PullToRefresh_Framework.framework */; settings = {ATTRIBUTES = (CodeSignOnCopy, RemoveHeadersOnCopy, ); }; };
		17AC9EB528AA50D400DF8A2B /* ExamplePullToRefreshShakuroLogoViewController.swift in Sources */ = {isa = PBXBuildFile; fileRef = 17AC9EB228AA50D400DF8A2B /* ExamplePullToRefreshShakuroLogoViewController.swift */; };
		17AC9EB628AA50D400DF8A2B /* ExamplePullToRefreshStickyHeadersViewController.swift in Sources */ = {isa = PBXBuildFile; fileRef = 17AC9EB328AA50D400DF8A2B /* ExamplePullToRefreshStickyHeadersViewController.swift */; };
		17AC9EB728AA50D400DF8A2B /* ExamplePullToRefreshViewController.swift in Sources */ = {isa = PBXBuildFile; fileRef = 17AC9EB428AA50D400DF8A2B /* ExamplePullToRefreshViewController.swift */; };
		17AC9EBA28AA517A00DF8A2B /* ShakuroLogoPullToRefreshContentView.swift in Sources */ = {isa = PBXBuildFile; fileRef = 17AC9EB828AA517900DF8A2B /* ShakuroLogoPullToRefreshContentView.swift */; };
		17AC9EBB28AA517A00DF8A2B /* ExamplePullToRefreshContentView.swift in Sources */ = {isa = PBXBuildFile; fileRef = 17AC9EB928AA517A00DF8A2B /* ExamplePullToRefreshContentView.swift */; };
		17AC9EBE28AA518D00DF8A2B /* animation-refreshing-shakuro_logo.json in Resources */ = {isa = PBXBuildFile; fileRef = 17AC9EBC28AA518C00DF8A2B /* animation-refreshing-shakuro_logo.json */; };
		17AC9EBF28AA518D00DF8A2B /* animation-pulling-shakuro_logo.json in Resources */ = {isa = PBXBuildFile; fileRef = 17AC9EBD28AA518C00DF8A2B /* animation-pulling-shakuro_logo.json */; };
		17AC9EC128AA547700DF8A2B /* Example.swift in Sources */ = {isa = PBXBuildFile; fileRef = 17AC9EC028AA547700DF8A2B /* Example.swift */; };
		17AC9EC328AA549E00DF8A2B /* ExampleViewControllerProtocol.swift in Sources */ = {isa = PBXBuildFile; fileRef = 17AC9EC228AA549E00DF8A2B /* ExampleViewControllerProtocol.swift */; };
		17AC9EC528AA55C900DF8A2B /* ExampleSelectorViewController.swift in Sources */ = {isa = PBXBuildFile; fileRef = 17AC9EC428AA55C900DF8A2B /* ExampleSelectorViewController.swift */; };
/* End PBXBuildFile section */

/* Begin PBXCopyFilesBuildPhase section */
		17AC9EB028AA4F0000DF8A2B /* Embed Frameworks */ = {
			isa = PBXCopyFilesBuildPhase;
			buildActionMask = 2147483647;
			dstPath = "";
			dstSubfolderSpec = 10;
			files = (
				17AC9EAF28AA4F0000DF8A2B /* PullToRefresh_Framework.framework in Embed Frameworks */,
			);
			name = "Embed Frameworks";
			runOnlyForDeploymentPostprocessing = 0;
		};
/* End PBXCopyFilesBuildPhase section */

/* Begin PBXFileReference section */
		17AC9E9628AA4D5400DF8A2B /* PullToRefresh_Example.app */ = {isa = PBXFileReference; explicitFileType = wrapper.application; includeInIndex = 0; path = PullToRefresh_Example.app; sourceTree = BUILT_PRODUCTS_DIR; };
		17AC9E9928AA4D5400DF8A2B /* AppDelegate.swift */ = {isa = PBXFileReference; lastKnownFileType = sourcecode.swift; path = AppDelegate.swift; sourceTree = "<group>"; };
		17AC9EA028AA4D5400DF8A2B /* Base */ = {isa = PBXFileReference; lastKnownFileType = file.storyboard; name = Base; path = Base.lproj/Main.storyboard; sourceTree = "<group>"; };
		17AC9EA228AA4D5600DF8A2B /* Assets.xcassets */ = {isa = PBXFileReference; lastKnownFileType = folder.assetcatalog; path = Assets.xcassets; sourceTree = "<group>"; };
		17AC9EA528AA4D5600DF8A2B /* Base */ = {isa = PBXFileReference; lastKnownFileType = file.storyboard; name = Base; path = Base.lproj/LaunchScreen.storyboard; sourceTree = "<group>"; };
		17AC9EA728AA4D5600DF8A2B /* Info.plist */ = {isa = PBXFileReference; lastKnownFileType = text.plist.xml; path = Info.plist; sourceTree = "<group>"; };
		17AC9EAD28AA4F0000DF8A2B /* PullToRefresh_Framework.framework */ = {isa = PBXFileReference; explicitFileType = wrapper.framework; path = PullToRefresh_Framework.framework; sourceTree = BUILT_PRODUCTS_DIR; };
		17AC9EB228AA50D400DF8A2B /* ExamplePullToRefreshShakuroLogoViewController.swift */ = {isa = PBXFileReference; fileEncoding = 4; lastKnownFileType = sourcecode.swift; path = ExamplePullToRefreshShakuroLogoViewController.swift; sourceTree = "<group>"; };
		17AC9EB328AA50D400DF8A2B /* ExamplePullToRefreshStickyHeadersViewController.swift */ = {isa = PBXFileReference; fileEncoding = 4; lastKnownFileType = sourcecode.swift; path = ExamplePullToRefreshStickyHeadersViewController.swift; sourceTree = "<group>"; };
		17AC9EB428AA50D400DF8A2B /* ExamplePullToRefreshViewController.swift */ = {isa = PBXFileReference; fileEncoding = 4; lastKnownFileType = sourcecode.swift; path = ExamplePullToRefreshViewController.swift; sourceTree = "<group>"; };
		17AC9EB828AA517900DF8A2B /* ShakuroLogoPullToRefreshContentView.swift */ = {isa = PBXFileReference; fileEncoding = 4; lastKnownFileType = sourcecode.swift; path = ShakuroLogoPullToRefreshContentView.swift; sourceTree = "<group>"; };
		17AC9EB928AA517A00DF8A2B /* ExamplePullToRefreshContentView.swift */ = {isa = PBXFileReference; fileEncoding = 4; lastKnownFileType = sourcecode.swift; path = ExamplePullToRefreshContentView.swift; sourceTree = "<group>"; };
		17AC9EBC28AA518C00DF8A2B /* animation-refreshing-shakuro_logo.json */ = {isa = PBXFileReference; fileEncoding = 4; lastKnownFileType = text.json; path = "animation-refreshing-shakuro_logo.json"; sourceTree = "<group>"; };
		17AC9EBD28AA518C00DF8A2B /* animation-pulling-shakuro_logo.json */ = {isa = PBXFileReference; fileEncoding = 4; lastKnownFileType = text.json; path = "animation-pulling-shakuro_logo.json"; sourceTree = "<group>"; };
		17AC9EC028AA547700DF8A2B /* Example.swift */ = {isa = PBXFileReference; fileEncoding = 4; lastKnownFileType = sourcecode.swift; path = Example.swift; sourceTree = "<group>"; };
		17AC9EC228AA549E00DF8A2B /* ExampleViewControllerProtocol.swift */ = {isa = PBXFileReference; fileEncoding = 4; lastKnownFileType = sourcecode.swift; path = ExampleViewControllerProtocol.swift; sourceTree = "<group>"; };
		17AC9EC428AA55C900DF8A2B /* ExampleSelectorViewController.swift */ = {isa = PBXFileReference; fileEncoding = 4; lastKnownFileType = sourcecode.swift; path = ExampleSelectorViewController.swift; sourceTree = "<group>"; };
		BF6F35E22092574746BF8AD8 /* Pods_PullToRefresh_Example.framework */ = {isa = PBXFileReference; explicitFileType = wrapper.framework; includeInIndex = 0; path = Pods_PullToRefresh_Example.framework; sourceTree = BUILT_PRODUCTS_DIR; };
		C28A81A819803377E8029926 /* Pods-PullToRefresh_Example.release.xcconfig */ = {isa = PBXFileReference; includeInIndex = 1; lastKnownFileType = text.xcconfig; name = "Pods-PullToRefresh_Example.release.xcconfig"; path = "Target Support Files/Pods-PullToRefresh_Example/Pods-PullToRefresh_Example.release.xcconfig"; sourceTree = "<group>"; };
		CF4503819A2CEB2CDF7CF332 /* Pods-PullToRefresh_Example.debug.xcconfig */ = {isa = PBXFileReference; includeInIndex = 1; lastKnownFileType = text.xcconfig; name = "Pods-PullToRefresh_Example.debug.xcconfig"; path = "Target Support Files/Pods-PullToRefresh_Example/Pods-PullToRefresh_Example.debug.xcconfig"; sourceTree = "<group>"; };
/* End PBXFileReference section */

/* Begin PBXFrameworksBuildPhase section */
		17AC9E9328AA4D5400DF8A2B /* Frameworks */ = {
			isa = PBXFrameworksBuildPhase;
			buildActionMask = 2147483647;
			files = (
				007E24CCCB39DA909457096D /* Pods_PullToRefresh_Example.framework in Frameworks */,
				17AC9EAE28AA4F0000DF8A2B /* PullToRefresh_Framework.framework in Frameworks */,
			);
			runOnlyForDeploymentPostprocessing = 0;
		};
/* End PBXFrameworksBuildPhase section */

/* Begin PBXGroup section */
		043DC8934D7D200D61AFAEDD /* Frameworks */ = {
			isa = PBXGroup;
			children = (
				17AC9EAD28AA4F0000DF8A2B /* PullToRefresh_Framework.framework */,
				BF6F35E22092574746BF8AD8 /* Pods_PullToRefresh_Example.framework */,
			);
			name = Frameworks;
			sourceTree = "<group>";
		};
		17AC9E8D28AA4D5400DF8A2B = {
			isa = PBXGroup;
			children = (
				17AC9E9828AA4D5400DF8A2B /* PullToRefresh_Example */,
				17AC9E9728AA4D5400DF8A2B /* Products */,
				C68B6C68B4D5A35E8E4959F4 /* Pods */,
				043DC8934D7D200D61AFAEDD /* Frameworks */,
			);
			sourceTree = "<group>";
		};
		17AC9E9728AA4D5400DF8A2B /* Products */ = {
			isa = PBXGroup;
			children = (
				17AC9E9628AA4D5400DF8A2B /* PullToRefresh_Example.app */,
			);
			name = Products;
			sourceTree = "<group>";
		};
		17AC9E9828AA4D5400DF8A2B /* PullToRefresh_Example */ = {
			isa = PBXGroup;
			children = (
				17AC9E9928AA4D5400DF8A2B /* AppDelegate.swift */,
				17AC9EC028AA547700DF8A2B /* Example.swift */,
				17AC9EC228AA549E00DF8A2B /* ExampleViewControllerProtocol.swift */,
				17AC9EC428AA55C900DF8A2B /* ExampleSelectorViewController.swift */,
				17AC9EB228AA50D400DF8A2B /* ExamplePullToRefreshShakuroLogoViewController.swift */,
				17AC9EB328AA50D400DF8A2B /* ExamplePullToRefreshStickyHeadersViewController.swift */,
				17AC9EB428AA50D400DF8A2B /* ExamplePullToRefreshViewController.swift */,
				17AC9EB928AA517A00DF8A2B /* ExamplePullToRefreshContentView.swift */,
				17AC9EB828AA517900DF8A2B /* ShakuroLogoPullToRefreshContentView.swift */,
				17AC9E9F28AA4D5400DF8A2B /* Main.storyboard */,
				17AC9EA228AA4D5600DF8A2B /* Assets.xcassets */,
				17AC9EBD28AA518C00DF8A2B /* animation-pulling-shakuro_logo.json */,
				17AC9EBC28AA518C00DF8A2B /* animation-refreshing-shakuro_logo.json */,
				17AC9EA428AA4D5600DF8A2B /* LaunchScreen.storyboard */,
				17AC9EA728AA4D5600DF8A2B /* Info.plist */,
			);
			path = PullToRefresh_Example;
			sourceTree = "<group>";
		};
		C68B6C68B4D5A35E8E4959F4 /* Pods */ = {
			isa = PBXGroup;
			children = (
				CF4503819A2CEB2CDF7CF332 /* Pods-PullToRefresh_Example.debug.xcconfig */,
				C28A81A819803377E8029926 /* Pods-PullToRefresh_Example.release.xcconfig */,
			);
			path = Pods;
			sourceTree = "<group>";
		};
/* End PBXGroup section */

/* Begin PBXNativeTarget section */
		17AC9E9528AA4D5400DF8A2B /* PullToRefresh_Example */ = {
			isa = PBXNativeTarget;
			buildConfigurationList = 17AC9EAA28AA4D5600DF8A2B /* Build configuration list for PBXNativeTarget "PullToRefresh_Example" */;
			buildPhases = (
				4EED17DAAC43EC3446AD5B34 /* [CP] Check Pods Manifest.lock */,
				17AC9EB128AA4F8A00DF8A2B /* Swiftlint */,
				17AC9E9228AA4D5400DF8A2B /* Sources */,
				17AC9E9328AA4D5400DF8A2B /* Frameworks */,
				17AC9E9428AA4D5400DF8A2B /* Resources */,
				615F804FCCB3B8E3B4C1F39D /* [CP] Embed Pods Frameworks */,
				17AC9EB028AA4F0000DF8A2B /* Embed Frameworks */,
			);
			buildRules = (
			);
			dependencies = (
			);
			name = PullToRefresh_Example;
			productName = PullToRefresh_Example;
			productReference = 17AC9E9628AA4D5400DF8A2B /* PullToRefresh_Example.app */;
			productType = "com.apple.product-type.application";
		};
/* End PBXNativeTarget section */

/* Begin PBXProject section */
		17AC9E8E28AA4D5400DF8A2B /* Project object */ = {
			isa = PBXProject;
			attributes = {
				BuildIndependentTargetsInParallel = 1;
				LastSwiftUpdateCheck = 1330;
				LastUpgradeCheck = 1330;
				TargetAttributes = {
					17AC9E9528AA4D5400DF8A2B = {
						CreatedOnToolsVersion = 13.3.1;
					};
				};
			};
			buildConfigurationList = 17AC9E9128AA4D5400DF8A2B /* Build configuration list for PBXProject "PullToRefresh_Example" */;
			compatibilityVersion = "Xcode 13.0";
			developmentRegion = en;
			hasScannedForEncodings = 0;
			knownRegions = (
				en,
				Base,
			);
			mainGroup = 17AC9E8D28AA4D5400DF8A2B;
			productRefGroup = 17AC9E9728AA4D5400DF8A2B /* Products */;
			projectDirPath = "";
			projectRoot = "";
			targets = (
				17AC9E9528AA4D5400DF8A2B /* PullToRefresh_Example */,
			);
		};
/* End PBXProject section */

/* Begin PBXResourcesBuildPhase section */
		17AC9E9428AA4D5400DF8A2B /* Resources */ = {
			isa = PBXResourcesBuildPhase;
			buildActionMask = 2147483647;
			files = (
				17AC9EA628AA4D5600DF8A2B /* LaunchScreen.storyboard in Resources */,
				17AC9EA328AA4D5600DF8A2B /* Assets.xcassets in Resources */,
				17AC9EBE28AA518D00DF8A2B /* animation-refreshing-shakuro_logo.json in Resources */,
				17AC9EA128AA4D5400DF8A2B /* Main.storyboard in Resources */,
				17AC9EBF28AA518D00DF8A2B /* animation-pulling-shakuro_logo.json in Resources */,
			);
			runOnlyForDeploymentPostprocessing = 0;
		};
/* End PBXResourcesBuildPhase section */

/* Begin PBXShellScriptBuildPhase section */
		17AC9EB128AA4F8A00DF8A2B /* Swiftlint */ = {
			isa = PBXShellScriptBuildPhase;
			buildActionMask = 2147483647;
			files = (
			);
			inputFileListPaths = (
			);
			inputPaths = (
			);
			name = Swiftlint;
			outputFileListPaths = (
			);
			outputPaths = (
			);
			runOnlyForDeploymentPostprocessing = 0;
			shellPath = /bin/sh;
			shellScript = "#debug log\nset -x\n\n${PODS_ROOT}/SwiftLint/swiftlint\n";
		};
		4EED17DAAC43EC3446AD5B34 /* [CP] Check Pods Manifest.lock */ = {
			isa = PBXShellScriptBuildPhase;
			buildActionMask = 2147483647;
			files = (
			);
			inputFileListPaths = (
			);
			inputPaths = (
				"${PODS_PODFILE_DIR_PATH}/Podfile.lock",
				"${PODS_ROOT}/Manifest.lock",
			);
			name = "[CP] Check Pods Manifest.lock";
			outputFileListPaths = (
			);
			outputPaths = (
				"$(DERIVED_FILE_DIR)/Pods-PullToRefresh_Example-checkManifestLockResult.txt",
			);
			runOnlyForDeploymentPostprocessing = 0;
			shellPath = /bin/sh;
			shellScript = "diff \"${PODS_PODFILE_DIR_PATH}/Podfile.lock\" \"${PODS_ROOT}/Manifest.lock\" > /dev/null\nif [ $? != 0 ] ; then\n    # print error to STDERR\n    echo \"error: The sandbox is not in sync with the Podfile.lock. Run 'pod install' or update your CocoaPods installation.\" >&2\n    exit 1\nfi\n# This output is used by Xcode 'outputs' to avoid re-running this script phase.\necho \"SUCCESS\" > \"${SCRIPT_OUTPUT_FILE_0}\"\n";
			showEnvVarsInLog = 0;
		};
		615F804FCCB3B8E3B4C1F39D /* [CP] Embed Pods Frameworks */ = {
			isa = PBXShellScriptBuildPhase;
			buildActionMask = 2147483647;
			files = (
			);
			inputFileListPaths = (
				"${PODS_ROOT}/Target Support Files/Pods-PullToRefresh_Example/Pods-PullToRefresh_Example-frameworks-${CONFIGURATION}-input-files.xcfilelist",
			);
			name = "[CP] Embed Pods Frameworks";
			outputFileListPaths = (
				"${PODS_ROOT}/Target Support Files/Pods-PullToRefresh_Example/Pods-PullToRefresh_Example-frameworks-${CONFIGURATION}-output-files.xcfilelist",
			);
			runOnlyForDeploymentPostprocessing = 0;
			shellPath = /bin/sh;
			shellScript = "\"${PODS_ROOT}/Target Support Files/Pods-PullToRefresh_Example/Pods-PullToRefresh_Example-frameworks.sh\"\n";
			showEnvVarsInLog = 0;
		};
/* End PBXShellScriptBuildPhase section */

/* Begin PBXSourcesBuildPhase section */
		17AC9E9228AA4D5400DF8A2B /* Sources */ = {
			isa = PBXSourcesBuildPhase;
			buildActionMask = 2147483647;
			files = (
				17AC9EB628AA50D400DF8A2B /* ExamplePullToRefreshStickyHeadersViewController.swift in Sources */,
				17AC9EC128AA547700DF8A2B /* Example.swift in Sources */,
				17AC9EBB28AA517A00DF8A2B /* ExamplePullToRefreshContentView.swift in Sources */,
				17AC9EC328AA549E00DF8A2B /* ExampleViewControllerProtocol.swift in Sources */,
				17AC9EBA28AA517A00DF8A2B /* ShakuroLogoPullToRefreshContentView.swift in Sources */,
				17AC9EB728AA50D400DF8A2B /* ExamplePullToRefreshViewController.swift in Sources */,
				17AC9E9A28AA4D5400DF8A2B /* AppDelegate.swift in Sources */,
				17AC9EB528AA50D400DF8A2B /* ExamplePullToRefreshShakuroLogoViewController.swift in Sources */,
				17AC9EC528AA55C900DF8A2B /* ExampleSelectorViewController.swift in Sources */,
			);
			runOnlyForDeploymentPostprocessing = 0;
		};
/* End PBXSourcesBuildPhase section */

/* Begin PBXVariantGroup section */
		17AC9E9F28AA4D5400DF8A2B /* Main.storyboard */ = {
			isa = PBXVariantGroup;
			children = (
				17AC9EA028AA4D5400DF8A2B /* Base */,
			);
			name = Main.storyboard;
			sourceTree = "<group>";
		};
		17AC9EA428AA4D5600DF8A2B /* LaunchScreen.storyboard */ = {
			isa = PBXVariantGroup;
			children = (
				17AC9EA528AA4D5600DF8A2B /* Base */,
			);
			name = LaunchScreen.storyboard;
			sourceTree = "<group>";
		};
/* End PBXVariantGroup section */

/* Begin XCBuildConfiguration section */
		17AC9EA828AA4D5600DF8A2B /* Debug */ = {
			isa = XCBuildConfiguration;
			buildSettings = {
				ALWAYS_SEARCH_USER_PATHS = NO;
				CLANG_ANALYZER_NONNULL = YES;
				CLANG_ANALYZER_NUMBER_OBJECT_CONVERSION = YES_AGGRESSIVE;
				CLANG_CXX_LANGUAGE_STANDARD = "gnu++17";
				CLANG_ENABLE_MODULES = YES;
				CLANG_ENABLE_OBJC_ARC = YES;
				CLANG_ENABLE_OBJC_WEAK = YES;
				CLANG_WARN_BLOCK_CAPTURE_AUTORELEASING = YES;
				CLANG_WARN_BOOL_CONVERSION = YES;
				CLANG_WARN_COMMA = YES;
				CLANG_WARN_CONSTANT_CONVERSION = YES;
				CLANG_WARN_DEPRECATED_OBJC_IMPLEMENTATIONS = YES;
				CLANG_WARN_DIRECT_OBJC_ISA_USAGE = YES_ERROR;
				CLANG_WARN_DOCUMENTATION_COMMENTS = YES;
				CLANG_WARN_EMPTY_BODY = YES;
				CLANG_WARN_ENUM_CONVERSION = YES;
				CLANG_WARN_INFINITE_RECURSION = YES;
				CLANG_WARN_INT_CONVERSION = YES;
				CLANG_WARN_NON_LITERAL_NULL_CONVERSION = YES;
				CLANG_WARN_OBJC_IMPLICIT_RETAIN_SELF = YES;
				CLANG_WARN_OBJC_LITERAL_CONVERSION = YES;
				CLANG_WARN_OBJC_ROOT_CLASS = YES_ERROR;
				CLANG_WARN_QUOTED_INCLUDE_IN_FRAMEWORK_HEADER = YES;
				CLANG_WARN_RANGE_LOOP_ANALYSIS = YES;
				CLANG_WARN_STRICT_PROTOTYPES = YES;
				CLANG_WARN_SUSPICIOUS_MOVE = YES;
				CLANG_WARN_UNGUARDED_AVAILABILITY = YES_AGGRESSIVE;
				CLANG_WARN_UNREACHABLE_CODE = YES;
				CLANG_WARN__DUPLICATE_METHOD_MATCH = YES;
				COPY_PHASE_STRIP = NO;
				DEBUG_INFORMATION_FORMAT = dwarf;
				ENABLE_STRICT_OBJC_MSGSEND = YES;
				ENABLE_TESTABILITY = YES;
				GCC_C_LANGUAGE_STANDARD = gnu11;
				GCC_DYNAMIC_NO_PIC = NO;
				GCC_NO_COMMON_BLOCKS = YES;
				GCC_OPTIMIZATION_LEVEL = 0;
				GCC_PREPROCESSOR_DEFINITIONS = (
					"DEBUG=1",
					"$(inherited)",
				);
				GCC_WARN_64_TO_32_BIT_CONVERSION = YES;
				GCC_WARN_ABOUT_RETURN_TYPE = YES_ERROR;
				GCC_WARN_UNDECLARED_SELECTOR = YES;
				GCC_WARN_UNINITIALIZED_AUTOS = YES_AGGRESSIVE;
				GCC_WARN_UNUSED_FUNCTION = YES;
				GCC_WARN_UNUSED_VARIABLE = YES;
				IPHONEOS_DEPLOYMENT_TARGET = 15.0;
				MTL_ENABLE_DEBUG_INFO = INCLUDE_SOURCE;
				MTL_FAST_MATH = YES;
				ONLY_ACTIVE_ARCH = YES;
				SDKROOT = iphoneos;
				SWIFT_ACTIVE_COMPILATION_CONDITIONS = DEBUG;
				SWIFT_OPTIMIZATION_LEVEL = "-Onone";
			};
			name = Debug;
		};
		17AC9EA928AA4D5600DF8A2B /* Release */ = {
			isa = XCBuildConfiguration;
			buildSettings = {
				ALWAYS_SEARCH_USER_PATHS = NO;
				CLANG_ANALYZER_NONNULL = YES;
				CLANG_ANALYZER_NUMBER_OBJECT_CONVERSION = YES_AGGRESSIVE;
				CLANG_CXX_LANGUAGE_STANDARD = "gnu++17";
				CLANG_ENABLE_MODULES = YES;
				CLANG_ENABLE_OBJC_ARC = YES;
				CLANG_ENABLE_OBJC_WEAK = YES;
				CLANG_WARN_BLOCK_CAPTURE_AUTORELEASING = YES;
				CLANG_WARN_BOOL_CONVERSION = YES;
				CLANG_WARN_COMMA = YES;
				CLANG_WARN_CONSTANT_CONVERSION = YES;
				CLANG_WARN_DEPRECATED_OBJC_IMPLEMENTATIONS = YES;
				CLANG_WARN_DIRECT_OBJC_ISA_USAGE = YES_ERROR;
				CLANG_WARN_DOCUMENTATION_COMMENTS = YES;
				CLANG_WARN_EMPTY_BODY = YES;
				CLANG_WARN_ENUM_CONVERSION = YES;
				CLANG_WARN_INFINITE_RECURSION = YES;
				CLANG_WARN_INT_CONVERSION = YES;
				CLANG_WARN_NON_LITERAL_NULL_CONVERSION = YES;
				CLANG_WARN_OBJC_IMPLICIT_RETAIN_SELF = YES;
				CLANG_WARN_OBJC_LITERAL_CONVERSION = YES;
				CLANG_WARN_OBJC_ROOT_CLASS = YES_ERROR;
				CLANG_WARN_QUOTED_INCLUDE_IN_FRAMEWORK_HEADER = YES;
				CLANG_WARN_RANGE_LOOP_ANALYSIS = YES;
				CLANG_WARN_STRICT_PROTOTYPES = YES;
				CLANG_WARN_SUSPICIOUS_MOVE = YES;
				CLANG_WARN_UNGUARDED_AVAILABILITY = YES_AGGRESSIVE;
				CLANG_WARN_UNREACHABLE_CODE = YES;
				CLANG_WARN__DUPLICATE_METHOD_MATCH = YES;
				COPY_PHASE_STRIP = NO;
				DEBUG_INFORMATION_FORMAT = "dwarf-with-dsym";
				ENABLE_NS_ASSERTIONS = NO;
				ENABLE_STRICT_OBJC_MSGSEND = YES;
				GCC_C_LANGUAGE_STANDARD = gnu11;
				GCC_NO_COMMON_BLOCKS = YES;
				GCC_WARN_64_TO_32_BIT_CONVERSION = YES;
				GCC_WARN_ABOUT_RETURN_TYPE = YES_ERROR;
				GCC_WARN_UNDECLARED_SELECTOR = YES;
				GCC_WARN_UNINITIALIZED_AUTOS = YES_AGGRESSIVE;
				GCC_WARN_UNUSED_FUNCTION = YES;
				GCC_WARN_UNUSED_VARIABLE = YES;
				IPHONEOS_DEPLOYMENT_TARGET = 15.0;
				MTL_ENABLE_DEBUG_INFO = NO;
				MTL_FAST_MATH = YES;
				SDKROOT = iphoneos;
				SWIFT_COMPILATION_MODE = wholemodule;
				SWIFT_OPTIMIZATION_LEVEL = "-O";
				VALIDATE_PRODUCT = YES;
			};
			name = Release;
		};
		17AC9EAB28AA4D5600DF8A2B /* Debug */ = {
			isa = XCBuildConfiguration;
			baseConfigurationReference = CF4503819A2CEB2CDF7CF332 /* Pods-PullToRefresh_Example.debug.xcconfig */;
			buildSettings = {
				ASSETCATALOG_COMPILER_APPICON_NAME = AppIcon;
				ASSETCATALOG_COMPILER_GLOBAL_ACCENT_COLOR_NAME = AccentColor;
				CODE_SIGN_STYLE = Automatic;
				CURRENT_PROJECT_VERSION = 1;
				DEVELOPMENT_TEAM = MW2UF479VW;
				GENERATE_INFOPLIST_FILE = YES;
				INFOPLIST_FILE = PullToRefresh_Example/Info.plist;
				INFOPLIST_KEY_UIApplicationSupportsIndirectInputEvents = YES;
				INFOPLIST_KEY_UILaunchStoryboardName = LaunchScreen;
				INFOPLIST_KEY_UIMainStoryboardFile = Main;
				INFOPLIST_KEY_UISupportedInterfaceOrientations = "UIInterfaceOrientationPortrait UIInterfaceOrientationLandscapeLeft UIInterfaceOrientationLandscapeRight";
				INFOPLIST_KEY_UISupportedInterfaceOrientations_iPad = "UIInterfaceOrientationPortrait UIInterfaceOrientationPortraitUpsideDown UIInterfaceOrientationLandscapeLeft UIInterfaceOrientationLandscapeRight";
				INFOPLIST_KEY_UISupportedInterfaceOrientations_iPhone = "UIInterfaceOrientationPortrait UIInterfaceOrientationLandscapeLeft UIInterfaceOrientationLandscapeRight";
				LD_RUNPATH_SEARCH_PATHS = (
					"$(inherited)",
					"@executable_path/Frameworks",
				);
				MARKETING_VERSION = 1.0;
				PRODUCT_BUNDLE_IDENTIFIER = "com.shakuro.PullToRefresh-Example";
				PRODUCT_NAME = "$(TARGET_NAME)";
				SWIFT_EMIT_LOC_STRINGS = YES;
				SWIFT_VERSION = 5.0;
				TARGETED_DEVICE_FAMILY = "1,2";
			};
			name = Debug;
		};
		17AC9EAC28AA4D5600DF8A2B /* Release */ = {
			isa = XCBuildConfiguration;
			baseConfigurationReference = C28A81A819803377E8029926 /* Pods-PullToRefresh_Example.release.xcconfig */;
			buildSettings = {
				ASSETCATALOG_COMPILER_APPICON_NAME = AppIcon;
				ASSETCATALOG_COMPILER_GLOBAL_ACCENT_COLOR_NAME = AccentColor;
				CODE_SIGN_STYLE = Automatic;
				CURRENT_PROJECT_VERSION = 1;
				DEVELOPMENT_TEAM = MW2UF479VW;
				GENERATE_INFOPLIST_FILE = YES;
				INFOPLIST_FILE = PullToRefresh_Example/Info.plist;
				INFOPLIST_KEY_UIApplicationSupportsIndirectInputEvents = YES;
				INFOPLIST_KEY_UILaunchStoryboardName = LaunchScreen;
				INFOPLIST_KEY_UIMainStoryboardFile = Main;
				INFOPLIST_KEY_UISupportedInterfaceOrientations = "UIInterfaceOrientationPortrait UIInterfaceOrientationLandscapeLeft UIInterfaceOrientationLandscapeRight";
				INFOPLIST_KEY_UISupportedInterfaceOrientations_iPad = "UIInterfaceOrientationPortrait UIInterfaceOrientationPortraitUpsideDown UIInterfaceOrientationLandscapeLeft UIInterfaceOrientationLandscapeRight";
				INFOPLIST_KEY_UISupportedInterfaceOrientations_iPhone = "UIInterfaceOrientationPortrait UIInterfaceOrientationLandscapeLeft UIInterfaceOrientationLandscapeRight";
				LD_RUNPATH_SEARCH_PATHS = (
					"$(inherited)",
					"@executable_path/Frameworks",
				);
				MARKETING_VERSION = 1.0;
				PRODUCT_BUNDLE_IDENTIFIER = "com.shakuro.PullToRefresh-Example";
				PRODUCT_NAME = "$(TARGET_NAME)";
				SWIFT_EMIT_LOC_STRINGS = YES;
				SWIFT_VERSION = 5.0;
				TARGETED_DEVICE_FAMILY = "1,2";
			};
			name = Release;
		};
/* End XCBuildConfiguration section */

/* Begin XCConfigurationList section */
		17AC9E9128AA4D5400DF8A2B /* Build configuration list for PBXProject "PullToRefresh_Example" */ = {
			isa = XCConfigurationList;
			buildConfigurations = (
				17AC9EA828AA4D5600DF8A2B /* Debug */,
				17AC9EA928AA4D5600DF8A2B /* Release */,
			);
			defaultConfigurationIsVisible = 0;
			defaultConfigurationName = Release;
		};
		17AC9EAA28AA4D5600DF8A2B /* Build configuration list for PBXNativeTarget "PullToRefresh_Example" */ = {
			isa = XCConfigurationList;
			buildConfigurations = (
				17AC9EAB28AA4D5600DF8A2B /* Debug */,
				17AC9EAC28AA4D5600DF8A2B /* Release */,
			);
			defaultConfigurationIsVisible = 0;
			defaultConfigurationName = Release;
		};
/* End XCConfigurationList section */
	};
	rootObject = 17AC9E8E28AA4D5400DF8A2B /* Project object */;
}
